<Solution>
  <Project Path="OSSO.Android/OSSO.Android.csproj">
    <Deploy />
  </Project>
  <Project Path="OSSO.Browser/OSSO.Browser.csproj" />
  <Project Path="OSSO.Desktop/OSSO.Desktop.csproj" />
  <Project Path="OSSO.iOS/OSSO.iOS.csproj">
    <Deploy />
  </Project>
  <Project Path="OSSO/OSSO.csproj" />
</Solution>